
Microsoft Visual Studio Solution File, Format Version 12.00
# Visual Studio Version 16
VisualStudioVersion = 16.0.30128.74
MinimumVisualStudioVersion = 10.0.40219.1
Project("{9A19103F-16F7-4668-BE54-9A1E7A4F7556}") = "CacheFactory", "src\CacheFactory\CacheFactory.csproj", "{58B1099E-FA69-47A8-8DC3-A08269ED1590}"
EndProject
Project("{9A19103F-16F7-4668-BE54-9A1E7A4F7556}") = "CacheFactory.Test", "test\CacheFactory.Test\CacheFactory.Test.csproj", "{45C8F6C8-3007-4250-8AD3-DAFD4EFF88FC}"
EndProject
Project("{2150E333-8FDC-42A3-9474-1A3956D46DE8}") = "Samples", "Samples", "{D7E76D48-6254-4248-A6F1-E1A7AE80C679}"
EndProject
Project("{9A19103F-16F7-4668-BE54-9A1E7A4F7556}") = "CacheFactory.Sample", "samples\CacheFactory.Sample\CacheFactory.Sample.csproj", "{D3F850B2-48AE-4497-8D36-03135AEED68C}"
EndProject
Global
	GlobalSection(SolutionConfigurationPlatforms) = preSolution
		Debug|Any CPU = Debug|Any CPU
		Release|Any CPU = Release|Any CPU
	EndGlobalSection
	GlobalSection(ProjectConfigurationPlatforms) = postSolution
		{58B1099E-FA69-47A8-8DC3-A08269ED1590}.Debug|Any CPU.ActiveCfg = Debug|Any CPU
		{58B1099E-FA69-47A8-8DC3-A08269ED1590}.Debug|Any CPU.Build.0 = Debug|Any CPU
		{58B1099E-FA69-47A8-8DC3-A08269ED1590}.Release|Any CPU.ActiveCfg = Release|Any CPU
		{58B1099E-FA69-47A8-8DC3-A08269ED1590}.Release|Any CPU.Build.0 = Release|Any CPU
		{45C8F6C8-3007-4250-8AD3-DAFD4EFF88FC}.Debug|Any CPU.ActiveCfg = Debug|Any CPU
		{45C8F6C8-3007-4250-8AD3-DAFD4EFF88FC}.Debug|Any CPU.Build.0 = Debug|Any CPU
		{45C8F6C8-3007-4250-8AD3-DAFD4EFF88FC}.Release|Any CPU.ActiveCfg = Release|Any CPU
		{45C8F6C8-3007-4250-8AD3-DAFD4EFF88FC}.Release|Any CPU.Build.0 = Release|Any CPU
		{D3F850B2-48AE-4497-8D36-03135AEED68C}.Debug|Any CPU.ActiveCfg = Debug|Any CPU
		{D3F850B2-48AE-4497-8D36-03135AEED68C}.Debug|Any CPU.Build.0 = Debug|Any CPU
		{D3F850B2-48AE-4497-8D36-03135AEED68C}.Release|Any CPU.ActiveCfg = Release|Any CPU
		{D3F850B2-48AE-4497-8D36-03135AEED68C}.Release|Any CPU.Build.0 = Release|Any CPU
	EndGlobalSection
	GlobalSection(SolutionProperties) = preSolution
		HideSolutionNode = FALSE
	EndGlobalSection
	GlobalSection(NestedProjects) = preSolution
		{D3F850B2-48AE-4497-8D36-03135AEED68C} = {D7E76D48-6254-4248-A6F1-E1A7AE80C679}
	EndGlobalSection
	GlobalSection(ExtensibilityGlobals) = postSolution
		SolutionGuid = {E8531B3B-1C69-4678-BC62-DA81281014AA}
	EndGlobalSection
EndGlobal
